
Microsoft Visual Studio Solution File, Format Version 12.00
# Visual Studio 15
VisualStudioVersion = 15.0.26430.16
MinimumVisualStudioVersion = 10.0.40219.1
Project("{9A19103F-16F7-4668-BE54-9A1E7A4F7556}") = "DiscordBot-core2.0", "DiscordBot-core2.0.csproj", "{FC199550-BE12-4193-9984-D8005A119D16}"
EndProject
Global
	GlobalSection(SolutionConfigurationPlatforms) = preSolution
		Debug|Any CPU = Debug|Any CPU
		Release|Any CPU = Release|Any CPU
	EndGlobalSection
	GlobalSection(ProjectConfigurationPlatforms) = postSolution
		{FC199550-BE12-4193-9984-D8005A119D16}.Debug|Any CPU.ActiveCfg = Debug|Any CPU
		{FC199550-BE12-4193-9984-D8005A119D16}.Debug|Any CPU.Build.0 = Debug|Any CPU
		{FC199550-BE12-4193-9984-D8005A119D16}.Release|Any CPU.ActiveCfg = Release|Any CPU
		{FC199550-BE12-4193-9984-D8005A119D16}.Release|Any CPU.Build.0 = Release|Any CPU
	EndGlobalSection
	GlobalSection(SolutionProperties) = preSolution
		HideSolutionNode = FALSE
	EndGlobalSection
EndGlobal
